<?xml version="1.0" encoding="utf-8"?>
<Project ToolsVersion="4.0" xmlns="http://schemas.microsoft.com/developer/msbuild/2003">
  <ItemGroup>
    <Filter Include="car">
      <UniqueIdentifier>{104878a7-8ea7-4b6e-8175-406262dacc01}</UniqueIdentifier>
    </Filter>
    <Filter Include="doc">
      <UniqueIdentifier>{2b573c60-4234-4165-b93c-e185166114e6}</UniqueIdentifier>
    </Filter>
    <Filter Include="driver">
      <UniqueIdentifier>{15ffdab8-8072-41fd-ba90-1d872da72dd2}</UniqueIdentifier>
    </Filter>
    <Filter Include="fsl_lib">
      <UniqueIdentifier>{c4c3bbd6-dbf9-454b-bbc6-e375e93fa356}</UniqueIdentifier>
    </Filter>
    <Filter Include="system">
      <UniqueIdentifier>{745cb26b-a882-4885-9e1c-a54b6af7ffd7}</UniqueIdentifier>
    </Filter>
    <Filter Include="user">
      <UniqueIdentifier>{1ec617a9-d2a1-4dba-b11b-18a4e71d7c72}</UniqueIdentifier>
    </Filter>
    <Filter Include="system\spiflash">
      <UniqueIdentifier>{3b1aab77-0dcc-4463-8abb-c5e4a502c171}</UniqueIdentifier>
    </Filter>
    <Filter Include="system\startup">
      <UniqueIdentifier>{2b4602de-327e-4558-a57c-490416b3e081}</UniqueIdentifier>
    </Filter>
    <Filter Include="driver\image">
      <UniqueIdentifier>{928f906a-636b-48cb-907f-b637e48374db}</UniqueIdentifier>
    </Filter>
    <Filter Include="driver\motor">
      <UniqueIdentifier>{73e348ae-829d-44df-8a7f-15a42f49ed44}</UniqueIdentifier>
    </Filter>
    <Filter Include="car\control">
      <UniqueIdentifier>{474d7561-3f47-4839-afbf-1707c448222b}</UniqueIdentifier>
    </Filter>
  </ItemGroup>
  <ItemGroup>
    <ClCompile Include="..\..\user\CodeStyle.c">
      <Filter>user</Filter>
    </ClCompile>
    <ClCompile Include="..\..\user\main.c">
      <Filter>user</Filter>
    </ClCompile>
    <ClCompile Include="..\..\fsl_lib\fsl_adc.c">
      <Filter>fsl_lib</Filter>
    </ClCompile>
    <ClCompile Include="..\..\fsl_lib\fsl_clock.c">
      <Filter>fsl_lib</Filter>
    </ClCompile>
    <ClCompile Include="..\..\fsl_lib\fsl_common.c">
      <Filter>fsl_lib</Filter>
    </ClCompile>
    <ClCompile Include="..\..\fsl_lib\fsl_csi.c">
      <Filter>fsl_lib</Filter>
    </ClCompile>
    <ClCompile Include="..\..\fsl_lib\fsl_enc.c">
      <Filter>fsl_lib</Filter>
    </ClCompile>
    <ClCompile Include="..\..\fsl_lib\fsl_gpio.c">
      <Filter>fsl_lib</Filter>
    </ClCompile>
    <ClCompile Include="..\..\fsl_lib\fsl_gpt.c">
      <Filter>fsl_lib</Filter>
    </ClCompile>
    <ClCompile Include="..\..\fsl_lib\fsl_lpi2c.c">
      <Filter>fsl_lib</Filter>
    </ClCompile>
    <ClCompile Include="..\..\fsl_lib\fsl_lpspi.c">
      <Filter>fsl_lib</Filter>
    </ClCompile>
    <ClCompile Include="..\..\fsl_lib\fsl_lpuart.c">
      <Filter>fsl_lib</Filter>
    </ClCompile>
    <ClCompile Include="..\..\fsl_lib\fsl_pit.c">
      <Filter>fsl_lib</Filter>
    </ClCompile>
    <ClCompile Include="..\..\fsl_lib\fsl_pwm.c">
      <Filter>fsl_lib</Filter>
    </ClCompile>
    <ClCompile Include="..\..\fsl_lib\fsl_qtmr.c">
      <Filter>fsl_lib</Filter>
    </ClCompile>
    <ClCompile Include="..\..\fsl_lib\fsl_wdog.c">
      <Filter>fsl_lib</Filter>
    </ClCompile>
    <ClCompile Include="..\..\fsl_lib\fsl_xbara.c">
      <Filter>fsl_lib</Filter>
    </ClCompile>
    <ClCompile Include="..\..\system\board.c">
      <Filter>system</Filter>
    </ClCompile>
    <ClCompile Include="..\..\system\clock_config.c">
      <Filter>system</Filter>
    </ClCompile>
    <ClCompile Include="..\..\system\system.c">
      <Filter>system</Filter>
    </ClCompile>
    <ClCompile Include="..\..\driver\adc.c">
      <Filter>driver</Filter>
    </ClCompile>
    <ClCompile Include="..\..\driver\ANO_DT.c">
      <Filter>driver</Filter>
    </ClCompile>
    <ClCompile Include="..\..\driver\extern_interrupt.c">
      <Filter>driver</Filter>
    </ClCompile>
    <ClCompile Include="..\..\driver\gpt.c">
      <Filter>driver</Filter>
    </ClCompile>
    <ClCompile Include="..\..\driver\iic.c">
      <Filter>driver</Filter>
    </ClCompile>
    <ClCompile Include="..\..\driver\key.c">
      <Filter>driver</Filter>
    </ClCompile>
    <ClCompile Include="..\..\driver\led.c">
      <Filter>driver</Filter>
    </ClCompile>
    <ClCompile Include="..\..\driver\nrf2401.c">
      <Filter>driver</Filter>
    </ClCompile>
    <ClCompile Include="..\..\driver\oled.c">
      <Filter>driver</Filter>
    </ClCompile>
    <ClCompile Include="..\..\driver\pit.c">
      <Filter>driver</Filter>
    </ClCompile>
    <ClCompile Include="..\..\driver\spi.c">
      <Filter>driver</Filter>
    </ClCompile>
    <ClCompile Include="..\..\driver\uart.c">
      <Filter>driver</Filter>
    </ClCompile>
    <ClCompile Include="..\..\driver\wdog.c">
      <Filter>driver</Filter>
    </ClCompile>
    <ClCompile Include="..\..\driver\motor\encoder.c">
      <Filter>driver\motor</Filter>
    </ClCompile>
    <ClCompile Include="..\..\driver\motor\motor_pid.c">
      <Filter>driver\motor</Filter>
    </ClCompile>
    <ClCompile Include="..\..\driver\motor\pwm.c">
      <Filter>driver\motor</Filter>
    </ClCompile>
    <ClCompile Include="..\..\driver\camera\csi.c">
      <Filter>driver\image</Filter>
    </ClCompile>
    <ClCompile Include="..\..\driver\camera\getimage.c">
      <Filter>driver\image</Filter>
    </ClCompile>
    <ClCompile Include="..\..\driver\camera\img_calculate.c">
      <Filter>driver\image</Filter>
    </ClCompile>
    <ClCompile Include="..\..\driver\camera\mt9v034.c">
      <Filter>driver\image</Filter>
    </ClCompile>
    <ClCompile Include="..\..\car\car.c">
      <Filter>car</Filter>
    </ClCompile>
    <ClCompile Include="..\..\car\status.c">
      <Filter>car</Filter>
    </ClCompile>
    <ClCompile Include="..\..\car\test.c">
      <Filter>car</Filter>
    </ClCompile>
    <ClCompile Include="..\..\car\control\directioncontrol.c">
      <Filter>car\control</Filter>
    </ClCompile>
    <ClCompile Include="..\..\car\control\userinterface.c">
      <Filter>car\control</Filter>
    </ClCompile>
  </ItemGroup>
  <ItemGroup>
    <ClInclude Include="..\..\user\CodeStyle.h">
      <Filter>user</Filter>
    </ClInclude>
    <ClInclude Include="..\..\fsl_lib\fsl_adc.h">
      <Filter>fsl_lib</Filter>
    </ClInclude>
    <ClInclude Include="..\..\fsl_lib\fsl_clock.h">
      <Filter>fsl_lib</Filter>
    </ClInclude>
    <ClInclude Include="..\..\fsl_lib\fsl_common.h">
      <Filter>fsl_lib</Filter>
    </ClInclude>
    <ClInclude Include="..\..\fsl_lib\fsl_csi.h">
      <Filter>fsl_lib</Filter>
    </ClInclude>
    <ClInclude Include="..\..\fsl_lib\fsl_enc.h">
      <Filter>fsl_lib</Filter>
    </ClInclude>
    <ClInclude Include="..\..\fsl_lib\fsl_gpio.h">
      <Filter>fsl_lib</Filter>
    </ClInclude>
    <ClInclude Include="..\..\fsl_lib\fsl_gpt.h">
      <Filter>fsl_lib</Filter>
    </ClInclude>
    <ClInclude Include="..\..\fsl_lib\fsl_iomuxc.h">
      <Filter>fsl_lib</Filter>
    </ClInclude>
    <ClInclude Include="..\..\fsl_lib\fsl_lpi2c.h">
      <Filter>fsl_lib</Filter>
    </ClInclude>
    <ClInclude Include="..\..\fsl_lib\fsl_lpspi.h">
      <Filter>fsl_lib</Filter>
    </ClInclude>
    <ClInclude Include="..\..\fsl_lib\fsl_lpuart.h">
      <Filter>fsl_lib</Filter>
    </ClInclude>
    <ClInclude Include="..\..\fsl_lib\fsl_pit.h">
      <Filter>fsl_lib</Filter>
    </ClInclude>
    <ClInclude Include="..\..\fsl_lib\fsl_pwm.h">
      <Filter>fsl_lib</Filter>
    </ClInclude>
    <ClInclude Include="..\..\fsl_lib\fsl_qtmr.h">
      <Filter>fsl_lib</Filter>
    </ClInclude>
    <ClInclude Include="..\..\fsl_lib\fsl_wdog.h">
      <Filter>fsl_lib</Filter>
    </ClInclude>
    <ClInclude Include="..\..\fsl_lib\fsl_xbara.h">
      <Filter>fsl_lib</Filter>
    </ClInclude>
    <ClInclude Include="..\..\system\board.h">
      <Filter>system</Filter>
    </ClInclude>
    <ClInclude Include="..\..\system\clock_config.h">
      <Filter>system</Filter>
    </ClInclude>
    <ClInclude Include="..\..\system\fsl_device_registers.h">
      <Filter>system</Filter>
    </ClInclude>
    <ClInclude Include="..\..\system\MIMXRT1052.h">
      <Filter>system</Filter>
    </ClInclude>
    <ClInclude Include="..\..\system\MIMXRT1052_features.h">
      <Filter>system</Filter>
    </ClInclude>
    <ClInclude Include="..\..\system\system.h">
      <Filter>system</Filter>
    </ClInclude>
    <ClInclude Include="..\..\driver\adc.h">
      <Filter>driver</Filter>
    </ClInclude>
    <ClInclude Include="..\..\driver\ANO_DT.h">
      <Filter>driver</Filter>
    </ClInclude>
    <ClInclude Include="..\..\driver\extern_interrupt.h">
      <Filter>driver</Filter>
    </ClInclude>
    <ClInclude Include="..\..\driver\gpt.h">
      <Filter>driver</Filter>
    </ClInclude>
    <ClInclude Include="..\..\driver\iic.h">
      <Filter>driver</Filter>
    </ClInclude>
    <ClInclude Include="..\..\driver\key.h">
      <Filter>driver</Filter>
    </ClInclude>
    <ClInclude Include="..\..\driver\led.h">
      <Filter>driver</Filter>
    </ClInclude>
    <ClInclude Include="..\..\driver\nrf2401.h">
      <Filter>driver</Filter>
    </ClInclude>
    <ClInclude Include="..\..\driver\oled.h">
      <Filter>driver</Filter>
    </ClInclude>
    <ClInclude Include="..\..\driver\pit.h">
      <Filter>driver</Filter>
    </ClInclude>
    <ClInclude Include="..\..\driver\spi.h">
      <Filter>driver</Filter>
    </ClInclude>
    <ClInclude Include="..\..\driver\uart.h">
      <Filter>driver</Filter>
    </ClInclude>
    <ClInclude Include="..\..\driver\wdog.h">
      <Filter>driver</Filter>
    </ClInclude>
    <ClInclude Include="..\..\driver\motor\encoder.h">
      <Filter>driver\motor</Filter>
    </ClInclude>
    <ClInclude Include="..\..\driver\motor\motor_pid.h">
      <Filter>driver\motor</Filter>
    </ClInclude>
    <ClInclude Include="..\..\driver\motor\pwm.h">
      <Filter>driver\motor</Filter>
    </ClInclude>
    <ClInclude Include="..\..\driver\camera\csi.h">
      <Filter>driver\image</Filter>
    </ClInclude>
    <ClInclude Include="..\..\driver\camera\getimage.h">
      <Filter>driver\image</Filter>
    </ClInclude>
    <ClInclude Include="..\..\driver\camera\img_calculate.h">
      <Filter>driver\image</Filter>
    </ClInclude>
    <ClInclude Include="..\..\driver\camera\mt9v034.h">
      <Filter>driver\image</Filter>
    </ClInclude>
    <ClInclude Include="..\..\car\car.h">
      <Filter>car</Filter>
    </ClInclude>
    <ClInclude Include="..\..\car\status.h">
      <Filter>car</Filter>
    </ClInclude>
    <ClInclude Include="..\..\car\test.h">
      <Filter>car</Filter>
    </ClInclude>
    <ClInclude Include="..\..\car\control\directioncontrol.h">
      <Filter>car\control</Filter>
    </ClInclude>
    <ClInclude Include="..\..\car\control\userinterface.h">
      <Filter>car\control</Filter>
    </ClInclude>
  </ItemGroup>
</Project>